
Microsoft Visual Studio Solution File, Format Version 12.00
# Visual Studio Version 16
VisualStudioVersion = 16.0.32126.315
MinimumVisualStudioVersion = 10.0.40219.1
Project("{FAE04EC0-301F-11D3-BF4B-00C04F79EFBC}") = "student-management", "student-management\student-management.csproj", "{CBD4E828-9765-4FC6-A51E-522D29896620}"
EndProject
Project("{FAE04EC0-301F-11D3-BF4B-00C04F79EFBC}") = "student-management-admin", "student-management-admin\student-management-admin.csproj", "{DCA16FC3-200A-4933-854D-6FE5304B36E6}"
EndProject
Global
	GlobalSection(SolutionConfigurationPlatforms) = preSolution
		Debug|Any CPU = Debug|Any CPU
		Release|Any CPU = Release|Any CPU
	EndGlobalSection
	GlobalSection(ProjectConfigurationPlatforms) = postSolution
		{CBD4E828-9765-4FC6-A51E-522D29896620}.Debug|Any CPU.ActiveCfg = Debug|Any CPU
		{CBD4E828-9765-4FC6-A51E-522D29896620}.Debug|Any CPU.Build.0 = Debug|Any CPU
		{CBD4E828-9765-4FC6-A51E-522D29896620}.Release|Any CPU.ActiveCfg = Release|Any CPU
		{CBD4E828-9765-4FC6-A51E-522D29896620}.Release|Any CPU.Build.0 = Release|Any CPU
		{DCA16FC3-200A-4933-854D-6FE5304B36E6}.Debug|Any CPU.ActiveCfg = Debug|Any CPU
		{DCA16FC3-200A-4933-854D-6FE5304B36E6}.Debug|Any CPU.Build.0 = Debug|Any CPU
		{DCA16FC3-200A-4933-854D-6FE5304B36E6}.Release|Any CPU.ActiveCfg = Release|Any CPU
		{DCA16FC3-200A-4933-854D-6FE5304B36E6}.Release|Any CPU.Build.0 = Release|Any CPU
	EndGlobalSection
	GlobalSection(SolutionProperties) = preSolution
		HideSolutionNode = FALSE
	EndGlobalSection
	GlobalSection(ExtensibilityGlobals) = postSolution
		SolutionGuid = {0F285DC3-C300-4FCB-AD04-AC87C5BCC7EA}
	EndGlobalSection
EndGlobal
